
Microsoft Visual Studio Solution File, Format Version 12.00
# Visual Studio Version 17
VisualStudioVersion = 17.0.31912.275
MinimumVisualStudioVersion = 10.0.40219.1
Project("{FAE04EC0-301F-11D3-BF4B-00C04F79EFBC}") = "Example3", "Example3\Example3.csproj", "{AA7F2616-D65F-49F3-B62E-7D0D6627A1B1}"
EndProject
Global
	GlobalSection(SolutionConfigurationPlatforms) = preSolution
		Debug|Any CPU = Debug|Any CPU
		Release|Any CPU = Release|Any CPU
	EndGlobalSection
	GlobalSection(ProjectConfigurationPlatforms) = postSolution
		{AA7F2616-D65F-49F3-B62E-7D0D6627A1B1}.Debug|Any CPU.ActiveCfg = Debug|Any CPU
		{AA7F2616-D65F-49F3-B62E-7D0D6627A1B1}.Debug|Any CPU.Build.0 = Debug|Any CPU
		{AA7F2616-D65F-49F3-B62E-7D0D6627A1B1}.Release|Any CPU.ActiveCfg = Release|Any CPU
		{AA7F2616-D65F-49F3-B62E-7D0D6627A1B1}.Release|Any CPU.Build.0 = Release|Any CPU
	EndGlobalSection
	GlobalSection(SolutionProperties) = preSolution
		HideSolutionNode = FALSE
	EndGlobalSection
	GlobalSection(ExtensibilityGlobals) = postSolution
		SolutionGuid = {1DF0FA7B-C0BF-4602-A116-BC98332E42BE}
	EndGlobalSection
EndGlobal
